PODS:
  - MultiPageController (0.2.0)

DEPENDENCIES:
  - MultiPageController (from `../`)

EXTERNAL SOURCES:
  MultiPageController:
    :path: "../"

SPEC CHECKSUMS:
  MultiPageController: 95e978fe50ccd3e333201fb586edcef1b1ed14ed

PODFILE CHECKSUM: d4da42bbbcf6beff1a427ff80d337f35a50a5cfd

COCOAPODS: 1.0.1
