PODS:
  - MultiPageController (0.1.0)

DEPENDENCIES:
  - MultiPageController (from `../`)

EXTERNAL SOURCES:
  MultiPageController:
    :path: "../"

SPEC CHECKSUMS:
  MultiPageController: 64144cb40be545fac6165325323b1ff73b10fa8e

PODFILE CHECKSUM: d4da42bbbcf6beff1a427ff80d337f35a50a5cfd

COCOAPODS: 1.0.1
